{
  "name": "maxsubarraysum",
  "version": "1.0.0",
  "lockfileVersion": 2,
  "requires": true,
  "packages": {
    "": {
      "name": "maxsubarraysum",
      "version": "1.0.0",
      "license": "ISC",
      "dependencies": {
        "maxsubarraysum": "^1.0.0"
      }
    },
    "node_modules/maxsubarraysum": {
      "version": "1.0.0",
      "resolved": "https://registry.npmjs.org/maxsubarraysum/-/maxsubarraysum-1.0.0.tgz",
      "integrity": "sha512-/RL9nkeh2tr+a0lgJwjvXGe22gG9D2VYhMXfYxTSR72pvWV6hv/R7Wx1O9rJNiED/5TKukl4JOcVqhfyLFGF+w=="
    }
  },
  "dependencies": {
    "maxsubarraysum": {
      "version": "1.0.0",
      "resolved": "https://registry.npmjs.org/maxsubarraysum/-/maxsubarraysum-1.0.0.tgz",
      "integrity": "sha512-/RL9nkeh2tr+a0lgJwjvXGe22gG9D2VYhMXfYxTSR72pvWV6hv/R7Wx1O9rJNiED/5TKukl4JOcVqhfyLFGF+w=="
    }
  }
}
